
Microsoft Visual Studio Solution File, Format Version 12.00
# Visual Studio 2013
VisualStudioVersion = 12.0.30110.0
MinimumVisualStudioVersion = 10.0.40219.1
Project("{FAE04EC0-301F-11D3-BF4B-00C04F79EFBC}") = "01.CoffeeMachine", "01.CoffeeMachine\01.CoffeeMachine.csproj", "{9681E3AD-14B1-4513-9102-7F36C1FD8719}"
EndProject
Project("{FAE04EC0-301F-11D3-BF4B-00C04F79EFBC}") = "02.DrunkenNumbers", "02.DrunkenNumbers\02.DrunkenNumbers.csproj", "{8FFFFC33-2158-45DA-88B3-1FBF385B441D}"
EndProject
Project("{FAE04EC0-301F-11D3-BF4B-00C04F79EFBC}") = "04.Fire", "04.Fire\04.Fire.csproj", "{1E6A18C4-5AE3-497A-8168-B4BA9DDE2C43}"
EndProject
Global
	GlobalSection(SolutionConfigurationPlatforms) = preSolution
		Debug|Any CPU = Debug|Any CPU
		Release|Any CPU = Release|Any CPU
	EndGlobalSection
	GlobalSection(ProjectConfigurationPlatforms) = postSolution
		{9681E3AD-14B1-4513-9102-7F36C1FD8719}.Debug|Any CPU.ActiveCfg = Debug|Any CPU
		{9681E3AD-14B1-4513-9102-7F36C1FD8719}.Debug|Any CPU.Build.0 = Debug|Any CPU
		{9681E3AD-14B1-4513-9102-7F36C1FD8719}.Release|Any CPU.ActiveCfg = Release|Any CPU
		{9681E3AD-14B1-4513-9102-7F36C1FD8719}.Release|Any CPU.Build.0 = Release|Any CPU
		{8FFFFC33-2158-45DA-88B3-1FBF385B441D}.Debug|Any CPU.ActiveCfg = Debug|Any CPU
		{8FFFFC33-2158-45DA-88B3-1FBF385B441D}.Debug|Any CPU.Build.0 = Debug|Any CPU
		{8FFFFC33-2158-45DA-88B3-1FBF385B441D}.Release|Any CPU.ActiveCfg = Release|Any CPU
		{8FFFFC33-2158-45DA-88B3-1FBF385B441D}.Release|Any CPU.Build.0 = Release|Any CPU
		{1E6A18C4-5AE3-497A-8168-B4BA9DDE2C43}.Debug|Any CPU.ActiveCfg = Debug|Any CPU
		{1E6A18C4-5AE3-497A-8168-B4BA9DDE2C43}.Debug|Any CPU.Build.0 = Debug|Any CPU
		{1E6A18C4-5AE3-497A-8168-B4BA9DDE2C43}.Release|Any CPU.ActiveCfg = Release|Any CPU
		{1E6A18C4-5AE3-497A-8168-B4BA9DDE2C43}.Release|Any CPU.Build.0 = Release|Any CPU
	EndGlobalSection
	GlobalSection(SolutionProperties) = preSolution
		HideSolutionNode = FALSE
	EndGlobalSection
EndGlobal
