
Microsoft Visual Studio Solution File, Format Version 12.00
# Visual Studio 2013
VisualStudioVersion = 12.0.30110.0
MinimumVisualStudioVersion = 10.0.40219.1
Project("{FAE04EC0-301F-11D3-BF4B-00C04F79EFBC}") = "01.FibonacciNumbers", "01.FibonacciNumbers\01.FibonacciNumbers.csproj", "{9681E3AD-14B1-4513-9102-7F36C1FD8719}"
EndProject
Project("{FAE04EC0-301F-11D3-BF4B-00C04F79EFBC}") = "Test", "Test\Test.csproj", "{69A146CF-B781-43C8-8CCC-6623BB5F0289}"
EndProject
Project("{FAE04EC0-301F-11D3-BF4B-00C04F79EFBC}") = "02.PrimeChecker", "02.PrimeChecker\02.PrimeChecker.csproj", "{B7BAA321-CB4F-41A5-A48F-A6A4E16B186D}"
EndProject
Project("{FAE04EC0-301F-11D3-BF4B-00C04F79EFBC}") = "03.PrimesInGivenRange", "03.PrimesInGivenRange\03.PrimesInGivenRange.csproj", "{F8510818-8673-4A0E-BD98-D775A49725C4}"
EndProject
Project("{FAE04EC0-301F-11D3-BF4B-00C04F79EFBC}") = "04.DifferenceBetweenDates", "04.DifferenceBetweenDates\04.DifferenceBetweenDates.csproj", "{C88A01D0-A988-421A-8B11-6F640E49931B}"
EndProject
Project("{FAE04EC0-301F-11D3-BF4B-00C04F79EFBC}") = "05.SortingNumbers", "05.SortingNumbers\05.SortingNumbers.csproj", "{B3D9C418-9BA0-48CB-8DA7-E39E90146D3F}"
EndProject
Project("{FAE04EC0-301F-11D3-BF4B-00C04F79EFBC}") = "06.LongestAreaInArray", "06.LongestAreaInArray\06.LongestAreaInArray.csproj", "{653960C0-6FC9-4D72-B0E3-E9C19AE5E801}"
EndProject
Global
	GlobalSection(SolutionConfigurationPlatforms) = preSolution
		Debug|Any CPU = Debug|Any CPU
		Release|Any CPU = Release|Any CPU
	EndGlobalSection
	GlobalSection(ProjectConfigurationPlatforms) = postSolution
		{9681E3AD-14B1-4513-9102-7F36C1FD8719}.Debug|Any CPU.ActiveCfg = Debug|Any CPU
		{9681E3AD-14B1-4513-9102-7F36C1FD8719}.Debug|Any CPU.Build.0 = Debug|Any CPU
		{9681E3AD-14B1-4513-9102-7F36C1FD8719}.Release|Any CPU.ActiveCfg = Release|Any CPU
		{9681E3AD-14B1-4513-9102-7F36C1FD8719}.Release|Any CPU.Build.0 = Release|Any CPU
		{69A146CF-B781-43C8-8CCC-6623BB5F0289}.Debug|Any CPU.ActiveCfg = Debug|Any CPU
		{69A146CF-B781-43C8-8CCC-6623BB5F0289}.Debug|Any CPU.Build.0 = Debug|Any CPU
		{69A146CF-B781-43C8-8CCC-6623BB5F0289}.Release|Any CPU.ActiveCfg = Release|Any CPU
		{69A146CF-B781-43C8-8CCC-6623BB5F0289}.Release|Any CPU.Build.0 = Release|Any CPU
		{B7BAA321-CB4F-41A5-A48F-A6A4E16B186D}.Debug|Any CPU.ActiveCfg = Debug|Any CPU
		{B7BAA321-CB4F-41A5-A48F-A6A4E16B186D}.Debug|Any CPU.Build.0 = Debug|Any CPU
		{B7BAA321-CB4F-41A5-A48F-A6A4E16B186D}.Release|Any CPU.ActiveCfg = Release|Any CPU
		{B7BAA321-CB4F-41A5-A48F-A6A4E16B186D}.Release|Any CPU.Build.0 = Release|Any CPU
		{F8510818-8673-4A0E-BD98-D775A49725C4}.Debug|Any CPU.ActiveCfg = Debug|Any CPU
		{F8510818-8673-4A0E-BD98-D775A49725C4}.Debug|Any CPU.Build.0 = Debug|Any CPU
		{F8510818-8673-4A0E-BD98-D775A49725C4}.Release|Any CPU.ActiveCfg = Release|Any CPU
		{F8510818-8673-4A0E-BD98-D775A49725C4}.Release|Any CPU.Build.0 = Release|Any CPU
		{C88A01D0-A988-421A-8B11-6F640E49931B}.Debug|Any CPU.ActiveCfg = Debug|Any CPU
		{C88A01D0-A988-421A-8B11-6F640E49931B}.Debug|Any CPU.Build.0 = Debug|Any CPU
		{C88A01D0-A988-421A-8B11-6F640E49931B}.Release|Any CPU.ActiveCfg = Release|Any CPU
		{C88A01D0-A988-421A-8B11-6F640E49931B}.Release|Any CPU.Build.0 = Release|Any CPU
		{B3D9C418-9BA0-48CB-8DA7-E39E90146D3F}.Debug|Any CPU.ActiveCfg = Debug|Any CPU
		{B3D9C418-9BA0-48CB-8DA7-E39E90146D3F}.Debug|Any CPU.Build.0 = Debug|Any CPU
		{B3D9C418-9BA0-48CB-8DA7-E39E90146D3F}.Release|Any CPU.ActiveCfg = Release|Any CPU
		{B3D9C418-9BA0-48CB-8DA7-E39E90146D3F}.Release|Any CPU.Build.0 = Release|Any CPU
		{653960C0-6FC9-4D72-B0E3-E9C19AE5E801}.Debug|Any CPU.ActiveCfg = Debug|Any CPU
		{653960C0-6FC9-4D72-B0E3-E9C19AE5E801}.Debug|Any CPU.Build.0 = Debug|Any CPU
		{653960C0-6FC9-4D72-B0E3-E9C19AE5E801}.Release|Any CPU.ActiveCfg = Release|Any CPU
		{653960C0-6FC9-4D72-B0E3-E9C19AE5E801}.Release|Any CPU.Build.0 = Release|Any CPU
	EndGlobalSection
	GlobalSection(SolutionProperties) = preSolution
		HideSolutionNode = FALSE
	EndGlobalSection
EndGlobal
